
Microsoft Visual Studio Solution File, Format Version 12.00
# Visual Studio Version 17
VisualStudioVersion = 17.5.33516.290
MinimumVisualStudioVersion = 10.0.40219.1
Project("{FAE04EC0-301F-11D3-BF4B-00C04F79EFBC}") = "Week2 - functions", "Week2 - functions\Week2 - functions.csproj", "{00A05327-059D-4D8A-85C9-AE2FA95B7FFF}"
EndProject
Global
	GlobalSection(SolutionConfigurationPlatforms) = preSolution
		Debug|Any CPU = Debug|Any CPU
		Release|Any CPU = Release|Any CPU
	EndGlobalSection
	GlobalSection(ProjectConfigurationPlatforms) = postSolution
		{00A05327-059D-4D8A-85C9-AE2FA95B7FFF}.Debug|Any CPU.ActiveCfg = Debug|Any CPU
		{00A05327-059D-4D8A-85C9-AE2FA95B7FFF}.Debug|Any CPU.Build.0 = Debug|Any CPU
		{00A05327-059D-4D8A-85C9-AE2FA95B7FFF}.Release|Any CPU.ActiveCfg = Release|Any CPU
		{00A05327-059D-4D8A-85C9-AE2FA95B7FFF}.Release|Any CPU.Build.0 = Release|Any CPU
	EndGlobalSection
	GlobalSection(SolutionProperties) = preSolution
		HideSolutionNode = FALSE
	EndGlobalSection
	GlobalSection(ExtensibilityGlobals) = postSolution
		SolutionGuid = {801D3B08-98E3-4099-889F-EA13806AC4BE}
	EndGlobalSection
EndGlobal
